// !$*UTF8*$!
{
	archiveVersion = 1;
	classes = {
	};
	objectVersion = 46;
	objects = {

/* Begin PBXBuildFile section */
		519E3177181670C000BE9582 /* AudioToolbox.framework in Frameworks */ = {isa = PBXBuildFile; fileRef = 519E3176181670C000BE9582 /* AudioToolbox.framework */; };
		519E317A1817912000BE9582 /* MediaFileMixer.m in Sources */ = {isa = PBXBuildFile; fileRef = 519E31791817912000BE9582 /* MediaFileMixer.m */; };
		519E317D1817C0C000BE9582 /* AudioRecorder.m in Sources */ = {isa = PBXBuildFile; fileRef = 519E317C1817C0C000BE9582 /* AudioRecorder.m */; };
		E10B30B7180FE23500190499 /* UIKit.framework in Frameworks */ = {isa = PBXBuildFile; fileRef = E10B30B6180FE23500190499 /* UIKit.framework */; };
		E10B30B9180FE23500190499 /* Foundation.framework in Frameworks */ = {isa = PBXBuildFile; fileRef = E10B30B8180FE23500190499 /* Foundation.framework */; };
		E10B30BB180FE23500190499 /* CoreGraphics.framework in Frameworks */ = {isa = PBXBuildFile; fileRef = E10B30BA180FE23500190499 /* CoreGraphics.framework */; };
		E10B30BD180FE23500190499 /* GLKit.framework in Frameworks */ = {isa = PBXBuildFile; fileRef = E10B30BC180FE23500190499 /* GLKit.framework */; };
		E10B30BF180FE23500190499 /* OpenGLES.framework in Frameworks */ = {isa = PBXBuildFile; fileRef = E10B30BE180FE23500190499 /* OpenGLES.framework */; };
		E10B30C5180FE23500190499 /* InfoPlist.strings in Resources */ = {isa = PBXBuildFile; fileRef = E10B30C3180FE23500190499 /* InfoPlist.strings */; };
		E10B30C7180FE23500190499 /* main.m in Sources */ = {isa = PBXBuildFile; fileRef = E10B30C6180FE23500190499 /* main.m */; };
		E10B30CB180FE23500190499 /* AppDelegate.m in Sources */ = {isa = PBXBuildFile; fileRef = E10B30CA180FE23500190499 /* AppDelegate.m */; };
		E10B30CD180FE23600190499 /* Default.png in Resources */ = {isa = PBXBuildFile; fileRef = E10B30CC180FE23600190499 /* Default.png */; };
		E10B30CF180FE23600190499 /* Default@2x.png in Resources */ = {isa = PBXBuildFile; fileRef = E10B30CE180FE23600190499 /* Default@2x.png */; };
		E10B30D1180FE23600190499 /* Default-568h@2x.png in Resources */ = {isa = PBXBuildFile; fileRef = E10B30D0180FE23600190499 /* Default-568h@2x.png */; };
		E10B30D3180FE23600190499 /* Shader.fsh in Resources */ = {isa = PBXBuildFile; fileRef = E10B30D2180FE23600190499 /* Shader.fsh */; };
		E10B30D5180FE23600190499 /* Shader.vsh in Resources */ = {isa = PBXBuildFile; fileRef = E10B30D4180FE23600190499 /* Shader.vsh */; };
		E10B30DB180FE23600190499 /* ViewController.xib in Resources */ = {isa = PBXBuildFile; fileRef = E10B30D9180FE23600190499 /* ViewController.xib */; };
		E10B30E5180FE27100190499 /* VideoRecorder.m in Sources */ = {isa = PBXBuildFile; fileRef = E10B30E2180FE27100190499 /* VideoRecorder.m */; };
		E10B30E6180FE27100190499 /* ViewController.m in Sources */ = {isa = PBXBuildFile; fileRef = E10B30E4180FE27100190499 /* ViewController.m */; };
		E10B30E8180FE2CF00190499 /* CoreVideo.framework in Frameworks */ = {isa = PBXBuildFile; fileRef = E10B30E7180FE2CF00190499 /* CoreVideo.framework */; };
		E10B30EA180FE2D900190499 /* CoreMedia.framework in Frameworks */ = {isa = PBXBuildFile; fileRef = E10B30E9180FE2D900190499 /* CoreMedia.framework */; };
		E10B30EC180FE2E300190499 /* AVFoundation.framework in Frameworks */ = {isa = PBXBuildFile; fileRef = E10B30EB180FE2E300190499 /* AVFoundation.framework */; };
		E10B30EE180FE2EA00190499 /* QuartzCore.framework in Frameworks */ = {isa = PBXBuildFile; fileRef = E10B30ED180FE2EA00190499 /* QuartzCore.framework */; };
/* End PBXBuildFile section */

/* Begin PBXFileReference section */
		519E31741816704B00BE9582 /* CoreAudio.framework */ = {isa = PBXFileReference; lastKnownFileType = wrapper.framework; name = CoreAudio.framework; path = System/Library/Frameworks/CoreAudio.framework; sourceTree = SDKROOT; };
		519E3176181670C000BE9582 /* AudioToolbox.framework */ = {isa = PBXFileReference; lastKnownFileType = wrapper.framework; name = AudioToolbox.framework; path = System/Library/Frameworks/AudioToolbox.framework; sourceTree = SDKROOT; };
		519E31781817912000BE9582 /* MediaFileMixer.h */ = {isa = PBXFileReference; fileEncoding = 4; lastKnownFileType = sourcecode.c.h; path = MediaFileMixer.h; sourceTree = "<group>"; };
		519E31791817912000BE9582 /* MediaFileMixer.m */ = {isa = PBXFileReference; fileEncoding = 4; lastKnownFileType = sourcecode.c.objc; path = MediaFileMixer.m; sourceTree = "<group>"; };
		519E317B1817C0C000BE9582 /* AudioRecorder.h */ = {isa = PBXFileReference; fileEncoding = 4; lastKnownFileType = sourcecode.c.h; path = AudioRecorder.h; sourceTree = "<group>"; };
		519E317C1817C0C000BE9582 /* AudioRecorder.m */ = {isa = PBXFileReference; fileEncoding = 4; lastKnownFileType = sourcecode.c.objc; path = AudioRecorder.m; sourceTree = "<group>"; };
		E10B30B3180FE23500190499 /* gl2mp4.app */ = {isa = PBXFileReference; explicitFileType = wrapper.application; includeInIndex = 0; path = gl2mp4.app; sourceTree = BUILT_PRODUCTS_DIR; };
		E10B30B6180FE23500190499 /* UIKit.framework */ = {isa = PBXFileReference; lastKnownFileType = wrapper.framework; name = UIKit.framework; path = System/Library/Frameworks/UIKit.framework; sourceTree = SDKROOT; };
		E10B30B8180FE23500190499 /* Foundation.framework */ = {isa = PBXFileReference; lastKnownFileType = wrapper.framework; name = Foundation.framework; path = System/Library/Frameworks/Foundation.framework; sourceTree = SDKROOT; };
		E10B30BA180FE23500190499 /* CoreGraphics.framework */ = {isa = PBXFileReference; lastKnownFileType = wrapper.framework; name = CoreGraphics.framework; path = System/Library/Frameworks/CoreGraphics.framework; sourceTree = SDKROOT; };
		E10B30BC180FE23500190499 /* GLKit.framework */ = {isa = PBXFileReference; lastKnownFileType = wrapper.framework; name = GLKit.framework; path = System/Library/Frameworks/GLKit.framework; sourceTree = SDKROOT; };
		E10B30BE180FE23500190499 /* OpenGLES.framework */ = {isa = PBXFileReference; lastKnownFileType = wrapper.framework; name = OpenGLES.framework; path = System/Library/Frameworks/OpenGLES.framework; sourceTree = SDKROOT; };
		E10B30C2180FE23500190499 /* gl2mp4-Info.plist */ = {isa = PBXFileReference; lastKnownFileType = text.plist.xml; path = "gl2mp4-Info.plist"; sourceTree = "<group>"; };
		E10B30C4180FE23500190499 /* en */ = {isa = PBXFileReference; lastKnownFileType = text.plist.strings; name = en; path = en.lproj/InfoPlist.strings; sourceTree = "<group>"; };
		E10B30C6180FE23500190499 /* main.m */ = {isa = PBXFileReference; lastKnownFileType = sourcecode.c.objc; path = main.m; sourceTree = "<group>"; };
		E10B30C8180FE23500190499 /* gl2mp4-Prefix.pch */ = {isa = PBXFileReference; lastKnownFileType = sourcecode.c.h; path = "gl2mp4-Prefix.pch"; sourceTree = "<group>"; };
		E10B30C9180FE23500190499 /* AppDelegate.h */ = {isa = PBXFileReference; lastKnownFileType = sourcecode.c.h; path = AppDelegate.h; sourceTree = "<group>"; };
		E10B30CA180FE23500190499 /* AppDelegate.m */ = {isa = PBXFileReference; lastKnownFileType = sourcecode.c.objc; path = AppDelegate.m; sourceTree = "<group>"; };
		E10B30CC180FE23600190499 /* Default.png */ = {isa = PBXFileReference; lastKnownFileType = image.png; path = Default.png; sourceTree = "<group>"; };
		E10B30CE180FE23600190499 /* Default@2x.png */ = {isa = PBXFileReference; lastKnownFileType = image.png; path = "Default@2x.png"; sourceTree = "<group>"; };
		E10B30D0180FE23600190499 /* Default-568h@2x.png */ = {isa = PBXFileReference; lastKnownFileType = image.png; path = "Default-568h@2x.png"; sourceTree = "<group>"; };
		E10B30D2180FE23600190499 /* Shader.fsh */ = {isa = PBXFileReference; lastKnownFileType = sourcecode.glsl; name = Shader.fsh; path = Shaders/Shader.fsh; sourceTree = "<group>"; };
		E10B30D4180FE23600190499 /* Shader.vsh */ = {isa = PBXFileReference; lastKnownFileType = sourcecode.glsl; name = Shader.vsh; path = Shaders/Shader.vsh; sourceTree = "<group>"; };
		E10B30DA180FE23600190499 /* en */ = {isa = PBXFileReference; lastKnownFileType = file.xib; name = en; path = en.lproj/ViewController.xib; sourceTree = "<group>"; };
		E10B30E1180FE27100190499 /* VideoRecorder.h */ = {isa = PBXFileReference; fileEncoding = 4; lastKnownFileType = sourcecode.c.h; path = VideoRecorder.h; sourceTree = "<group>"; };
		E10B30E2180FE27100190499 /* VideoRecorder.m */ = {isa = PBXFileReference; fileEncoding = 4; lastKnownFileType = sourcecode.c.objc; path = VideoRecorder.m; sourceTree = "<group>"; };
		E10B30E3180FE27100190499 /* ViewController.h */ = {isa = PBXFileReference; fileEncoding = 4; lastKnownFileType = sourcecode.c.h; path = ViewController.h; sourceTree = "<group>"; };
		E10B30E4180FE27100190499 /* ViewController.m */ = {isa = PBXFileReference; fileEncoding = 4; lastKnownFileType = sourcecode.c.objc; path = ViewController.m; sourceTree = "<group>"; };
		E10B30E7180FE2CF00190499 /* CoreVideo.framework */ = {isa = PBXFileReference; lastKnownFileType = wrapper.framework; name = CoreVideo.framework; path = System/Library/Frameworks/CoreVideo.framework; sourceTree = SDKROOT; };
		E10B30E9180FE2D900190499 /* CoreMedia.framework */ = {isa = PBXFileReference; lastKnownFileType = wrapper.framework; name = CoreMedia.framework; path = System/Library/Frameworks/CoreMedia.framework; sourceTree = SDKROOT; };
		E10B30EB180FE2E300190499 /* AVFoundation.framework */ = {isa = PBXFileReference; lastKnownFileType = wrapper.framework; name = AVFoundation.framework; path = System/Library/Frameworks/AVFoundation.framework; sourceTree = SDKROOT; };
		E10B30ED180FE2EA00190499 /* QuartzCore.framework */ = {isa = PBXFileReference; lastKnownFileType = wrapper.framework; name = QuartzCore.framework; path = System/Library/Frameworks/QuartzCore.framework; sourceTree = SDKROOT; };
/* End PBXFileReference section */

/* Begin PBXFrameworksBuildPhase section */
		E10B30B0180FE23500190499 /* Frameworks */ = {
			isa = PBXFrameworksBuildPhase;
			buildActionMask = 2147483647;
			files = (
				519E3177181670C000BE9582 /* AudioToolbox.framework in Frameworks */,
				E10B30EE180FE2EA00190499 /* QuartzCore.framework in Frameworks */,
				E10B30EC180FE2E300190499 /* AVFoundation.framework in Frameworks */,
				E10B30EA180FE2D900190499 /* CoreMedia.framework in Frameworks */,
				E10B30E8180FE2CF00190499 /* CoreVideo.framework in Frameworks */,
				E10B30B7180FE23500190499 /* UIKit.framework in Frameworks */,
				E10B30B9180FE23500190499 /* Foundation.framework in Frameworks */,
				E10B30BB180FE23500190499 /* CoreGraphics.framework in Frameworks */,
				E10B30BD180FE23500190499 /* GLKit.framework in Frameworks */,
				E10B30BF180FE23500190499 /* OpenGLES.framework in Frameworks */,
			);
			runOnlyForDeploymentPostprocessing = 0;
		};
/* End PBXFrameworksBuildPhase section */

/* Begin PBXGroup section */
		E10B30AA180FE23500190499 = {
			isa = PBXGroup;
			children = (
				E10B30C0180FE23500190499 /* gl2mp4 */,
				E10B30B5180FE23500190499 /* Frameworks */,
				E10B30B4180FE23500190499 /* Products */,
			);
			sourceTree = "<group>";
		};
		E10B30B4180FE23500190499 /* Products */ = {
			isa = PBXGroup;
			children = (
				E10B30B3180FE23500190499 /* gl2mp4.app */,
			);
			name = Products;
			sourceTree = "<group>";
		};
		E10B30B5180FE23500190499 /* Frameworks */ = {
			isa = PBXGroup;
			children = (
				519E3176181670C000BE9582 /* AudioToolbox.framework */,
				519E31741816704B00BE9582 /* CoreAudio.framework */,
				E10B30ED180FE2EA00190499 /* QuartzCore.framework */,
				E10B30EB180FE2E300190499 /* AVFoundation.framework */,
				E10B30E9180FE2D900190499 /* CoreMedia.framework */,
				E10B30E7180FE2CF00190499 /* CoreVideo.framework */,
				E10B30B6180FE23500190499 /* UIKit.framework */,
				E10B30B8180FE23500190499 /* Foundation.framework */,
				E10B30BA180FE23500190499 /* CoreGraphics.framework */,
				E10B30BC180FE23500190499 /* GLKit.framework */,
				E10B30BE180FE23500190499 /* OpenGLES.framework */,
			);
			name = Frameworks;
			sourceTree = "<group>";
		};
		E10B30C0180FE23500190499 /* gl2mp4 */ = {
			isa = PBXGroup;
			children = (
				E10B30E1180FE27100190499 /* VideoRecorder.h */,
				E10B30E2180FE27100190499 /* VideoRecorder.m */,
				519E317B1817C0C000BE9582 /* AudioRecorder.h */,
				519E317C1817C0C000BE9582 /* AudioRecorder.m */,
				E10B30E3180FE27100190499 /* ViewController.h */,
				E10B30E4180FE27100190499 /* ViewController.m */,
				E10B30C9180FE23500190499 /* AppDelegate.h */,
				E10B30CA180FE23500190499 /* AppDelegate.m */,
				E10B30D2180FE23600190499 /* Shader.fsh */,
				E10B30D4180FE23600190499 /* Shader.vsh */,
				E10B30D9180FE23600190499 /* ViewController.xib */,
				E10B30C1180FE23500190499 /* Supporting Files */,
				519E31781817912000BE9582 /* MediaFileMixer.h */,
				519E31791817912000BE9582 /* MediaFileMixer.m */,
			);
			path = gl2mp4;
			sourceTree = "<group>";
		};
		E10B30C1180FE23500190499 /* Supporting Files */ = {
			isa = PBXGroup;
			children = (
				E10B30C2180FE23500190499 /* gl2mp4-Info.plist */,
				E10B30C3180FE23500190499 /* InfoPlist.strings */,
				E10B30C6180FE23500190499 /* main.m */,
				E10B30C8180FE23500190499 /* gl2mp4-Prefix.pch */,
				E10B30CC180FE23600190499 /* Default.png */,
				E10B30CE180FE23600190499 /* Default@2x.png */,
				E10B30D0180FE23600190499 /* Default-568h@2x.png */,
			);
			name = "Supporting Files";
			sourceTree = "<group>";
		};
/* End PBXGroup section */

/* Begin PBXNativeTarget section */
		E10B30B2180FE23500190499 /* gl2mp4 */ = {
			isa = PBXNativeTarget;
			buildConfigurationList = E10B30DE180FE23600190499 /* Build configuration list for PBXNativeTarget "gl2mp4" */;
			buildPhases = (
				E10B30AF180FE23500190499 /* Sources */,
				E10B30B0180FE23500190499 /* Frameworks */,
				E10B30B1180FE23500190499 /* Resources */,
			);
			buildRules = (
			);
			dependencies = (
			);
			name = gl2mp4;
			productName = gl2mp4;
			productReference = E10B30B3180FE23500190499 /* gl2mp4.app */;
			productType = "com.apple.product-type.application";
		};
/* End PBXNativeTarget section */

/* Begin PBXProject section */
		E10B30AB180FE23500190499 /* Project object */ = {
			isa = PBXProject;
			attributes = {
				LastUpgradeCheck = 0460;
				ORGANIZATIONNAME = harriscao;
			};
			buildConfigurationList = E10B30AE180FE23500190499 /* Build configuration list for PBXProject "gl2mp4" */;
			compatibilityVersion = "Xcode 3.2";
			developmentRegion = English;
			hasScannedForEncodings = 0;
			knownRegions = (
				en,
			);
			mainGroup = E10B30AA180FE23500190499;
			productRefGroup = E10B30B4180FE23500190499 /* Products */;
			projectDirPath = "";
			projectRoot = "";
			targets = (
				E10B30B2180FE23500190499 /* gl2mp4 */,
			);
		};
/* End PBXProject section */

/* Begin PBXResourcesBuildPhase section */
		E10B30B1180FE23500190499 /* Resources */ = {
			isa = PBXResourcesBuildPhase;
			buildActionMask = 2147483647;
			files = (
				E10B30C5180FE23500190499 /* InfoPlist.strings in Resources */,
				E10B30CD180FE23600190499 /* Default.png in Resources */,
				E10B30CF180FE23600190499 /* Default@2x.png in Resources */,
				E10B30D1180FE23600190499 /* Default-568h@2x.png in Resources */,
				E10B30D3180FE23600190499 /* Shader.fsh in Resources */,
				E10B30D5180FE23600190499 /* Shader.vsh in Resources */,
				E10B30DB180FE23600190499 /* ViewController.xib in Resources */,
			);
			runOnlyForDeploymentPostprocessing = 0;
		};
/* End PBXResourcesBuildPhase section */

/* Begin PBXSourcesBuildPhase section */
		E10B30AF180FE23500190499 /* Sources */ = {
			isa = PBXSourcesBuildPhase;
			buildActionMask = 2147483647;
			files = (
				E10B30C7180FE23500190499 /* main.m in Sources */,
				519E317A1817912000BE9582 /* MediaFileMixer.m in Sources */,
				E10B30CB180FE23500190499 /* AppDelegate.m in Sources */,
				519E317D1817C0C000BE9582 /* AudioRecorder.m in Sources */,
				E10B30E5180FE27100190499 /* VideoRecorder.m in Sources */,
				E10B30E6180FE27100190499 /* ViewController.m in Sources */,
			);
			runOnlyForDeploymentPostprocessing = 0;
		};
/* End PBXSourcesBuildPhase section */

/* Begin PBXVariantGroup section */
		E10B30C3180FE23500190499 /* InfoPlist.strings */ = {
			isa = PBXVariantGroup;
			children = (
				E10B30C4180FE23500190499 /* en */,
			);
			name = InfoPlist.strings;
			sourceTree = "<group>";
		};
		E10B30D9180FE23600190499 /* ViewController.xib */ = {
			isa = PBXVariantGroup;
			children = (
				E10B30DA180FE23600190499 /* en */,
			);
			name = ViewController.xib;
			sourceTree = "<group>";
		};
/* End PBXVariantGroup section */

/* Begin XCBuildConfiguration section */
		E10B30DC180FE23600190499 /* Debug */ = {
			isa = XCBuildConfiguration;
			buildSettings = {
				ALWAYS_SEARCH_USER_PATHS = NO;
				CLANG_CXX_LANGUAGE_STANDARD = "gnu++0x";
				CLANG_CXX_LIBRARY = "libc++";
				CLANG_ENABLE_OBJC_ARC = YES;
				CLANG_WARN_CONSTANT_CONVERSION = YES;
				CLANG_WARN_EMPTY_BODY = YES;
				CLANG_WARN_ENUM_CONVERSION = YES;
				CLANG_WARN_INT_CONVERSION = YES;
				CLANG_WARN__DUPLICATE_METHOD_MATCH = YES;
				"CODE_SIGN_IDENTITY[sdk=iphoneos*]" = "iPhone Developer";
				COPY_PHASE_STRIP = NO;
				GCC_C_LANGUAGE_STANDARD = gnu99;
				GCC_DYNAMIC_NO_PIC = NO;
				GCC_OPTIMIZATION_LEVEL = 0;
				GCC_PREPROCESSOR_DEFINITIONS = (
					"DEBUG=1",
					"$(inherited)",
				);
				GCC_SYMBOLS_PRIVATE_EXTERN = NO;
				GCC_WARN_ABOUT_RETURN_TYPE = YES;
				GCC_WARN_UNINITIALIZED_AUTOS = YES;
				GCC_WARN_UNUSED_VARIABLE = YES;
				IPHONEOS_DEPLOYMENT_TARGET = 6.1;
				ONLY_ACTIVE_ARCH = YES;
				SDKROOT = iphoneos;
			};
			name = Debug;
		};
		E10B30DD180FE23600190499 /* Release */ = {
			isa = XCBuildConfiguration;
			buildSettings = {
				ALWAYS_SEARCH_USER_PATHS = NO;
				CLANG_CXX_LANGUAGE_STANDARD = "gnu++0x";
				CLANG_CXX_LIBRARY = "libc++";
				CLANG_ENABLE_OBJC_ARC = YES;
				CLANG_WARN_CONSTANT_CONVERSION = YES;
				CLANG_WARN_EMPTY_BODY = YES;
				CLANG_WARN_ENUM_CONVERSION = YES;
				CLANG_WARN_INT_CONVERSION = YES;
				CLANG_WARN__DUPLICATE_METHOD_MATCH = YES;
				"CODE_SIGN_IDENTITY[sdk=iphoneos*]" = "iPhone Developer";
				COPY_PHASE_STRIP = YES;
				GCC_C_LANGUAGE_STANDARD = gnu99;
				GCC_WARN_ABOUT_RETURN_TYPE = YES;
				GCC_WARN_UNINITIALIZED_AUTOS = YES;
				GCC_WARN_UNUSED_VARIABLE = YES;
				IPHONEOS_DEPLOYMENT_TARGET = 6.1;
				OTHER_CFLAGS = "-DNS_BLOCK_ASSERTIONS=1";
				SDKROOT = iphoneos;
				VALIDATE_PRODUCT = YES;
			};
			name = Release;
		};
		E10B30DF180FE23600190499 /* Debug */ = {
			isa = XCBuildConfiguration;
			buildSettings = {
				CODE_SIGN_IDENTITY = "iPhone Developer: Quanlong He (768DQ9ZA85)";
				GCC_PRECOMPILE_PREFIX_HEADER = YES;
				GCC_PREFIX_HEADER = "gl2mp4/gl2mp4-Prefix.pch";
				INFOPLIST_FILE = "gl2mp4/gl2mp4-Info.plist";
				PRODUCT_NAME = "$(TARGET_NAME)";
				WRAPPER_EXTENSION = app;
			};
			name = Debug;
		};
		E10B30E0180FE23600190499 /* Release */ = {
			isa = XCBuildConfiguration;
			buildSettings = {
				CODE_SIGN_IDENTITY = "iPhone Developer: Quanlong He (768DQ9ZA85)";
				GCC_PRECOMPILE_PREFIX_HEADER = YES;
				GCC_PREFIX_HEADER = "gl2mp4/gl2mp4-Prefix.pch";
				INFOPLIST_FILE = "gl2mp4/gl2mp4-Info.plist";
				PRODUCT_NAME = "$(TARGET_NAME)";
				WRAPPER_EXTENSION = app;
			};
			name = Release;
		};
/* End XCBuildConfiguration section */

/* Begin XCConfigurationList section */
		E10B30AE180FE23500190499 /* Build configuration list for PBXProject "gl2mp4" */ = {
			isa = XCConfigurationList;
			buildConfigurations = (
				E10B30DC180FE23600190499 /* Debug */,
				E10B30DD180FE23600190499 /* Release */,
			);
			defaultConfigurationIsVisible = 0;
			defaultConfigurationName = Release;
		};
		E10B30DE180FE23600190499 /* Build configuration list for PBXNativeTarget "gl2mp4" */ = {
			isa = XCConfigurationList;
			buildConfigurations = (
				E10B30DF180FE23600190499 /* Debug */,
				E10B30E0180FE23600190499 /* Release */,
			);
			defaultConfigurationIsVisible = 0;
			defaultConfigurationName = Release;
		};
/* End XCConfigurationList section */
	};
	rootObject = E10B30AB180FE23500190499 /* Project object */;
}
